// !$*UTF8*$!
{
	archiveVersion = 1;
	classes = {
	};
	objectVersion = 46;
	objects = {

/* Begin PBXBuildFile section */
		F39751C91C5402EA006F2943 /* AppDelegate.swift in Sources */ = {isa = PBXBuildFile; fileRef = F39751C81C5402EA006F2943 /* AppDelegate.swift */; };
		F39751CB1C5402EA006F2943 /* ViewController.swift in Sources */ = {isa = PBXBuildFile; fileRef = F39751CA1C5402EA006F2943 /* ViewController.swift */; };
		F39751CD1C5402EA006F2943 /* Assets.xcassets in Resources */ = {isa = PBXBuildFile; fileRef = F39751CC1C5402EA006F2943 /* Assets.xcassets */; };
		F39751D01C5402EA006F2943 /* Main.storyboard in Resources */ = {isa = PBXBuildFile; fileRef = F39751CE1C5402EA006F2943 /* Main.storyboard */; };
/* End PBXBuildFile section */

/* Begin PBXFileReference section */
		F39751C51C5402EA006F2943 /* ParticleLocalBuilding.app */ = {isa = PBXFileReference; explicitFileType = wrapper.application; includeInIndex = 0; path = ParticleLocalBuilding.app; sourceTree = BUILT_PRODUCTS_DIR; };
		F39751C81C5402EA006F2943 /* AppDelegate.swift */ = {isa = PBXFileReference; lastKnownFileType = sourcecode.swift; path = AppDelegate.swift; sourceTree = "<group>"; };
		F39751CA1C5402EA006F2943 /* ViewController.swift */ = {isa = PBXFileReference; lastKnownFileType = sourcecode.swift; path = ViewController.swift; sourceTree = "<group>"; };
		F39751CC1C5402EA006F2943 /* Assets.xcassets */ = {isa = PBXFileReference; lastKnownFileType = folder.assetcatalog; path = Assets.xcassets; sourceTree = "<group>"; };
		F39751CF1C5402EA006F2943 /* Base */ = {isa = PBXFileReference; lastKnownFileType = file.storyboard; name = Base; path = Base.lproj/Main.storyboard; sourceTree = "<group>"; };
		F39751D11C5402EA006F2943 /* Info.plist */ = {isa = PBXFileReference; lastKnownFileType = text.plist.xml; path = Info.plist; sourceTree = "<group>"; };
/* End PBXFileReference section */

/* Begin PBXFrameworksBuildPhase section */
		F39751C21C5402EA006F2943 /* Frameworks */ = {
			isa = PBXFrameworksBuildPhase;
			buildActionMask = 2147483647;
			files = (
			);
			runOnlyForDeploymentPostprocessing = 0;
		};
/* End PBXFrameworksBuildPhase section */

/* Begin PBXGroup section */
		F39751BC1C5402EA006F2943 = {
			isa = PBXGroup;
			children = (
				F39751C71C5402EA006F2943 /* ParticleLocalBuilding */,
				F39751C61C5402EA006F2943 /* Products */,
			);
			sourceTree = "<group>";
		};
		F39751C61C5402EA006F2943 /* Products */ = {
			isa = PBXGroup;
			children = (
				F39751C51C5402EA006F2943 /* ParticleLocalBuilding.app */,
			);
			name = Products;
			sourceTree = "<group>";
		};
		F39751C71C5402EA006F2943 /* ParticleLocalBuilding */ = {
			isa = PBXGroup;
			children = (
				F39751C81C5402EA006F2943 /* AppDelegate.swift */,
				F39751CA1C5402EA006F2943 /* ViewController.swift */,
				F39751CC1C5402EA006F2943 /* Assets.xcassets */,
				F39751CE1C5402EA006F2943 /* Main.storyboard */,
				F39751D11C5402EA006F2943 /* Info.plist */,
			);
			path = ParticleLocalBuilding;
			sourceTree = "<group>";
		};
/* End PBXGroup section */

/* Begin PBXNativeTarget section */
		F39751C41C5402EA006F2943 /* ParticleLocalBuilding */ = {
			isa = PBXNativeTarget;
			buildConfigurationList = F39751D41C5402EA006F2943 /* Build configuration list for PBXNativeTarget "ParticleLocalBuilding" */;
			buildPhases = (
				F39751C11C5402EA006F2943 /* Sources */,
				F39751C21C5402EA006F2943 /* Frameworks */,
				F39751C31C5402EA006F2943 /* Resources */,
			);
			buildRules = (
			);
			dependencies = (
			);
			name = ParticleLocalBuilding;
			productName = ParticleLocalBuilding;
			productReference = F39751C51C5402EA006F2943 /* ParticleLocalBuilding.app */;
			productType = "com.apple.product-type.application";
		};
/* End PBXNativeTarget section */

/* Begin PBXProject section */
		F39751BD1C5402EA006F2943 /* Project object */ = {
			isa = PBXProject;
			attributes = {
				LastSwiftUpdateCheck = 0720;
				LastUpgradeCheck = 0720;
				ORGANIZATIONNAME = "Eric G. DelMar";
				TargetAttributes = {
					F39751C41C5402EA006F2943 = {
						CreatedOnToolsVersion = 7.2;
					};
				};
			};
			buildConfigurationList = F39751C01C5402EA006F2943 /* Build configuration list for PBXProject "ParticleLocalBuilding" */;
			compatibilityVersion = "Xcode 3.2";
			developmentRegion = English;
			hasScannedForEncodings = 0;
			knownRegions = (
				en,
				Base,
			);
			mainGroup = F39751BC1C5402EA006F2943;
			productRefGroup = F39751C61C5402EA006F2943 /* Products */;
			projectDirPath = "";
			projectRoot = "";
			targets = (
				F39751C41C5402EA006F2943 /* ParticleLocalBuilding */,
			);
		};
/* End PBXProject section */

/* Begin PBXResourcesBuildPhase section */
		F39751C31C5402EA006F2943 /* Resources */ = {
			isa = PBXResourcesBuildPhase;
			buildActionMask = 2147483647;
			files = (
				F39751CD1C5402EA006F2943 /* Assets.xcassets in Resources */,
				F39751D01C5402EA006F2943 /* Main.storyboard in Resources */,
			);
			runOnlyForDeploymentPostprocessing = 0;
		};
/* End PBXResourcesBuildPhase section */

/* Begin PBXSourcesBuildPhase section */
		F39751C11C5402EA006F2943 /* Sources */ = {
			isa = PBXSourcesBuildPhase;
			buildActionMask = 2147483647;
			files = (
				F39751CB1C5402EA006F2943 /* ViewController.swift in Sources */,
				F39751C91C5402EA006F2943 /* AppDelegate.swift in Sources */,
			);
			runOnlyForDeploymentPostprocessing = 0;
		};
/* End PBXSourcesBuildPhase section */

/* Begin PBXVariantGroup section */
		F39751CE1C5402EA006F2943 /* Main.storyboard */ = {
			isa = PBXVariantGroup;
			children = (
				F39751CF1C5402EA006F2943 /* Base */,
			);
			name = Main.storyboard;
			sourceTree = "<group>";
		};
/* End PBXVariantGroup section */

/* Begin XCBuildConfiguration section */
		F39751D21C5402EA006F2943 /* Debug */ = {
			isa = XCBuildConfiguration;
			buildSettings = {
				ALWAYS_SEARCH_USER_PATHS = NO;
				CLANG_CXX_LANGUAGE_STANDARD = "gnu++0x";
				CLANG_CXX_LIBRARY = "libc++";
				CLANG_ENABLE_MODULES = YES;
				CLANG_ENABLE_OBJC_ARC = YES;
				CLANG_WARN_BOOL_CONVERSION = YES;
				CLANG_WARN_CONSTANT_CONVERSION = YES;
				CLANG_WARN_DIRECT_OBJC_ISA_USAGE = YES_ERROR;
				CLANG_WARN_EMPTY_BODY = YES;
				CLANG_WARN_ENUM_CONVERSION = YES;
				CLANG_WARN_INT_CONVERSION = YES;
				CLANG_WARN_OBJC_ROOT_CLASS = YES_ERROR;
				CLANG_WARN_UNREACHABLE_CODE = YES;
				CLANG_WARN__DUPLICATE_METHOD_MATCH = YES;
				CODE_SIGN_IDENTITY = "-";
				COPY_PHASE_STRIP = NO;
				DEBUG_INFORMATION_FORMAT = dwarf;
				ENABLE_STRICT_OBJC_MSGSEND = YES;
				ENABLE_TESTABILITY = YES;
				GCC_C_LANGUAGE_STANDARD = gnu99;
				GCC_DYNAMIC_NO_PIC = NO;
				GCC_NO_COMMON_BLOCKS = YES;
				GCC_OPTIMIZATION_LEVEL = 0;
				GCC_PREPROCESSOR_DEFINITIONS = (
					"DEBUG=1",
					"$(inherited)",
				);
				GCC_WARN_64_TO_32_BIT_CONVERSION = YES;
				GCC_WARN_ABOUT_RETURN_TYPE = YES_ERROR;
				GCC_WARN_UNDECLARED_SELECTOR = YES;
				GCC_WARN_UNINITIALIZED_AUTOS = YES_AGGRESSIVE;
				GCC_WARN_UNUSED_FUNCTION = YES;
				GCC_WARN_UNUSED_VARIABLE = YES;
				MACOSX_DEPLOYMENT_TARGET = 10.11;
				MTL_ENABLE_DEBUG_INFO = YES;
				ONLY_ACTIVE_ARCH = YES;
				SDKROOT = macosx;
				SWIFT_OPTIMIZATION_LEVEL = "-Onone";
			};
			name = Debug;
		};
		F39751D31C5402EA006F2943 /* Release */ = {
			isa = XCBuildConfiguration;
			buildSettings = {
				ALWAYS_SEARCH_USER_PATHS = NO;
				CLANG_CXX_LANGUAGE_STANDARD = "gnu++0x";
				CLANG_CXX_LIBRARY = "libc++";
				CLANG_ENABLE_MODULES = YES;
				CLANG_ENABLE_OBJC_ARC = YES;
				CLANG_WARN_BOOL_CONVERSION = YES;
				CLANG_WARN_CONSTANT_CONVERSION = YES;
				CLANG_WARN_DIRECT_OBJC_ISA_USAGE = YES_ERROR;
				CLANG_WARN_EMPTY_BODY = YES;
				CLANG_WARN_ENUM_CONVERSION = YES;
				CLANG_WARN_INT_CONVERSION = YES;
				CLANG_WARN_OBJC_ROOT_CLASS = YES_ERROR;
				CLANG_WARN_UNREACHABLE_CODE = YES;
				CLANG_WARN__DUPLICATE_METHOD_MATCH = YES;
				CODE_SIGN_IDENTITY = "-";
				COPY_PHASE_STRIP = NO;
				DEBUG_INFORMATION_FORMAT = "dwarf-with-dsym";
				ENABLE_NS_ASSERTIONS = NO;
				ENABLE_STRICT_OBJC_MSGSEND = YES;
				GCC_C_LANGUAGE_STANDARD = gnu99;
				GCC_NO_COMMON_BLOCKS = YES;
				GCC_WARN_64_TO_32_BIT_CONVERSION = YES;
				GCC_WARN_ABOUT_RETURN_TYPE = YES_ERROR;
				GCC_WARN_UNDECLARED_SELECTOR = YES;
				GCC_WARN_UNINITIALIZED_AUTOS = YES_AGGRESSIVE;
				GCC_WARN_UNUSED_FUNCTION = YES;
				GCC_WARN_UNUSED_VARIABLE = YES;
				MACOSX_DEPLOYMENT_TARGET = 10.11;
				MTL_ENABLE_DEBUG_INFO = NO;
				SDKROOT = macosx;
			};
			name = Release;
		};
		F39751D51C5402EA006F2943 /* Debug */ = {
			isa = XCBuildConfiguration;
			buildSettings = {
				ASSETCATALOG_COMPILER_APPICON_NAME = AppIcon;
				COMBINE_HIDPI_IMAGES = YES;
				INFOPLIST_FILE = ParticleLocalBuilding/Info.plist;
				LD_RUNPATH_SEARCH_PATHS = "$(inherited) @executable_path/../Frameworks";
				PRODUCT_BUNDLE_IDENTIFIER = com.DelMarSoftwareDevelopment.ParticleLocalBuilding;
				PRODUCT_NAME = "$(TARGET_NAME)";
			};
			name = Debug;
		};
		F39751D61C5402EA006F2943 /* Release */ = {
			isa = XCBuildConfiguration;
			buildSettings = {
				ASSETCATALOG_COMPILER_APPICON_NAME = AppIcon;
				COMBINE_HIDPI_IMAGES = YES;
				INFOPLIST_FILE = ParticleLocalBuilding/Info.plist;
				LD_RUNPATH_SEARCH_PATHS = "$(inherited) @executable_path/../Frameworks";
				PRODUCT_BUNDLE_IDENTIFIER = com.DelMarSoftwareDevelopment.ParticleLocalBuilding;
				PRODUCT_NAME = "$(TARGET_NAME)";
			};
			name = Release;
		};
/* End XCBuildConfiguration section */

/* Begin XCConfigurationList section */
		F39751C01C5402EA006F2943 /* Build configuration list for PBXProject "ParticleLocalBuilding" */ = {
			isa = XCConfigurationList;
			buildConfigurations = (
				F39751D21C5402EA006F2943 /* Debug */,
				F39751D31C5402EA006F2943 /* Release */,
			);
			defaultConfigurationIsVisible = 0;
			defaultConfigurationName = Release;
		};
		F39751D41C5402EA006F2943 /* Build configuration list for PBXNativeTarget "ParticleLocalBuilding" */ = {
			isa = XCConfigurationList;
			buildConfigurations = (
				F39751D51C5402EA006F2943 /* Debug */,
				F39751D61C5402EA006F2943 /* Release */,
			);
			defaultConfigurationIsVisible = 0;
		};
/* End XCConfigurationList section */
	};
	rootObject = F39751BD1C5402EA006F2943 /* Project object */;
}
